
Microsoft Visual Studio Solution File, Format Version 12.00
# Visual Studio Version 17
VisualStudioVersion = 17.14.36310.24 d17.14
MinimumVisualStudioVersion = 10.0.40219.1
Project("{8BC9CEB8-8B4A-11D0-8D11-00A0C91BC942}") = "QtQQ", "QtQQ\QtQQ.vcxproj", "{C7D169AD-AC16-4BCA-A3D8-B103ADB53FD7}"
EndProject
Global
	GlobalSection(SolutionConfigurationPlatforms) = preSolution
		Debug|x64 = Debug|x64
		Release|x64 = Release|x64
	EndGlobalSection
	GlobalSection(ProjectConfigurationPlatforms) = postSolution
		{C7D169AD-AC16-4BCA-A3D8-B103ADB53FD7}.Debug|x64.ActiveCfg = Debug|x64
		{C7D169AD-AC16-4BCA-A3D8-B103ADB53FD7}.Debug|x64.Build.0 = Debug|x64
		{C7D169AD-AC16-4BCA-A3D8-B103ADB53FD7}.Release|x64.ActiveCfg = Release|x64
		{C7D169AD-AC16-4BCA-A3D8-B103ADB53FD7}.Release|x64.Build.0 = Release|x64
	EndGlobalSection
	GlobalSection(SolutionProperties) = preSolution
		HideSolutionNode = FALSE
	EndGlobalSection
	GlobalSection(ExtensibilityGlobals) = postSolution
		SolutionGuid = {C78D535D-BAE9-40C4-9356-3982CCC4ECAE}
	EndGlobalSection
EndGlobal
